
Microsoft Visual Studio Solution File, Format Version 12.00
# Visual Studio 15
VisualStudioVersion = 15.0.26430.13
MinimumVisualStudioVersion = 10.0.40219.1
Project("{FAE04EC0-301F-11D3-BF4B-00C04F79EFBC}") = "FutricaApi", "FutricaApi\FutricaApi.csproj", "{024FC5B2-8477-4681-ABDE-BF84EEEA371C}"
EndProject
Project("{FAE04EC0-301F-11D3-BF4B-00C04F79EFBC}") = "FutricaApi.Testes", "FutricaApi.Testes\FutricaApi.Testes.csproj", "{317A81CA-AA8E-4C8D-A646-3796837EF685}"
EndProject
Global
	GlobalSection(SolutionConfigurationPlatforms) = preSolution
		Debug|Any CPU = Debug|Any CPU
		Release|Any CPU = Release|Any CPU
	EndGlobalSection
	GlobalSection(ProjectConfigurationPlatforms) = postSolution
		{024FC5B2-8477-4681-ABDE-BF84EEEA371C}.Debug|Any CPU.ActiveCfg = Debug|Any CPU
		{024FC5B2-8477-4681-ABDE-BF84EEEA371C}.Debug|Any CPU.Build.0 = Debug|Any CPU
		{024FC5B2-8477-4681-ABDE-BF84EEEA371C}.Release|Any CPU.ActiveCfg = Release|Any CPU
		{024FC5B2-8477-4681-ABDE-BF84EEEA371C}.Release|Any CPU.Build.0 = Release|Any CPU
		{317A81CA-AA8E-4C8D-A646-3796837EF685}.Debug|Any CPU.ActiveCfg = Debug|Any CPU
		{317A81CA-AA8E-4C8D-A646-3796837EF685}.Debug|Any CPU.Build.0 = Debug|Any CPU
		{317A81CA-AA8E-4C8D-A646-3796837EF685}.Release|Any CPU.ActiveCfg = Release|Any CPU
		{317A81CA-AA8E-4C8D-A646-3796837EF685}.Release|Any CPU.Build.0 = Release|Any CPU
	EndGlobalSection
	GlobalSection(SolutionProperties) = preSolution
		HideSolutionNode = FALSE
	EndGlobalSection
EndGlobal
